
Microsoft Visual Studio Solution File, Format Version 12.00
# Visual Studio 2013
VisualStudioVersion = 12.0.21005.1
MinimumVisualStudioVersion = 10.0.40219.1
Project("{FAE04EC0-301F-11D3-BF4B-00C04F79EFBC}") = "ORM", "ORM\ORM.csproj", "{378AA45A-CB04-4330-A112-7AA532E5F82B}"
EndProject
Project("{FAE04EC0-301F-11D3-BF4B-00C04F79EFBC}") = "FamousPeopleGallery", "FamousPeopleGallery\FamousPeopleGallery.csproj", "{8EFA82D8-4E71-40DB-B3CE-4A04BD3E59CD}"
EndProject
Global
	GlobalSection(SolutionConfigurationPlatforms) = preSolution
		Debug|Any CPU = Debug|Any CPU
		Release|Any CPU = Release|Any CPU
	EndGlobalSection
	GlobalSection(ProjectConfigurationPlatforms) = postSolution
		{378AA45A-CB04-4330-A112-7AA532E5F82B}.Debug|Any CPU.ActiveCfg = Debug|Any CPU
		{378AA45A-CB04-4330-A112-7AA532E5F82B}.Debug|Any CPU.Build.0 = Debug|Any CPU
		{378AA45A-CB04-4330-A112-7AA532E5F82B}.Release|Any CPU.ActiveCfg = Release|Any CPU
		{378AA45A-CB04-4330-A112-7AA532E5F82B}.Release|Any CPU.Build.0 = Release|Any CPU
		{8EFA82D8-4E71-40DB-B3CE-4A04BD3E59CD}.Debug|Any CPU.ActiveCfg = Debug|Any CPU
		{8EFA82D8-4E71-40DB-B3CE-4A04BD3E59CD}.Debug|Any CPU.Build.0 = Debug|Any CPU
		{8EFA82D8-4E71-40DB-B3CE-4A04BD3E59CD}.Release|Any CPU.ActiveCfg = Release|Any CPU
		{8EFA82D8-4E71-40DB-B3CE-4A04BD3E59CD}.Release|Any CPU.Build.0 = Release|Any CPU
	EndGlobalSection
	GlobalSection(SolutionProperties) = preSolution
		HideSolutionNode = FALSE
	EndGlobalSection
EndGlobal
